{
  "originHash" : "401b5f43fc63db4de76ee5bf33028d4cbd7e349aa6a37b8d3fcef21c5faacadb",
  "pins" : [
    {
      "identity" : "scenekit-scnline",
      "kind" : "remoteSourceControl",
      "location" : "https://github.com/maxxfrazer/SceneKit-SCNLine.git",
      "state" : {
        "revision" : "00bd83f3affae23a0a9375d1b1e4b58f5c3471d0",
        "version" : "1.3.0"
      }
    }
  ],
  "version" : 3
}
